# This file is automatically @generated by Cargo.
# It is not intended for manual editing.
version = 4

[[package]]
name = "cli"
version = "0.1.0"

[[package]]
name = "engine"
version = "0.1.0"
dependencies = [
 "media-ffmpeg",
]

[[package]]
name = "media-ffmpeg"
version = "0.1.0"

[[package]]
name = "ui-iced"
version = "0.1.0"
